{"SurveyEntry":{"SurveyID":"SV_eswlDMEJuaf9nGS","SurveyName":"What's With Data Science In Libraries?","SurveyDescription":null,"SurveyOwnerID":"UR_5ourHFpBu0hMXf8","SurveyBrandID":"utrechtuniversity","DivisionID":"DV_8pp1hYfFeyg2Hit","SurveyLanguage":"EN","SurveyActiveResponseSet":"RS_9mIOhSpQTSzQ7uS","SurveyStatus":"Active","SurveyStartDate":"0000-00-00 00:00:00","SurveyExpirationDate":"0000-00-00 00:00:00","SurveyCreationDate":"2022-06-28 05:27:08","CreatorID":"UR_5ourHFpBu0hMXf8","LastModified":"2024-04-21 07:50:32","LastAccessed":"0000-00-00 00:00:00","LastActivated":"2022-07-05 22:09:55","Deleted":null},"SurveyElements":[{"SurveyID":"SV_eswlDMEJuaf9nGS","Element":"BL","PrimaryAttribute":"Survey Blocks","SecondaryAttribute":null,"TertiaryAttribute":null,"Payload":[{"Type":"Default","Description":"about","ID":"BL_6g3t7YFCCSyWtng","BlockElements":[{"Type":"Question","QuestionID":"QID2"}],"Options":{"BlockLocking":"false","RandomizeQuestions":"false","BlockVisibility":"Expanded"}},{"Type":"Trash","Description":"Trash \/ Unused Questions","ID":"BL_6hwhbAe7RRVU6to","BlockElements":[{"Type":"Question","QuestionID":"QID16"},{"Type":"Question","QuestionID":"QID7"},{"Type":"Question","QuestionID":"QID11"},{"Type":"Question","QuestionID":"QID17"},{"Type":"Question","QuestionID":"QID18"},{"Type":"Question","QuestionID":"QID21"},{"Type":"Question","QuestionID":"QID24"},{"Type":"Question","QuestionID":"QID25"},{"Type":"Question","QuestionID":"QID22"},{"Type":"Question","QuestionID":"QID23"},{"Type":"Question","QuestionID":"QID26"},{"Type":"Question","QuestionID":"QID27"},{"Type":"Question","QuestionID":"QID28"},{"Type":"Question","QuestionID":"QID45"},{"Type":"Question","QuestionID":"QID19"},{"Type":"Question","QuestionID":"QID35"},{"Type":"Question","QuestionID":"QID33"},{"Type":"Question","QuestionID":"QID34"},{"Type":"Question","QuestionID":"QID31"},{"Type":"Question","QuestionID":"QID32"},{"Type":"Question","QuestionID":"QID30"},{"Type":"Question","QuestionID":"QID29"},{"Type":"Question","QuestionID":"QID20"},{"Type":"Question","QuestionID":"QID41"},{"Type":"Question","QuestionID":"QID42"},{"Type":"Question","QuestionID":"QID38"},{"Type":"Question","QuestionID":"QID39"},{"Type":"Question","QuestionID":"QID40"},{"Type":"Question","QuestionID":"QID36"},{"Type":"Question","QuestionID":"QID50"},{"Type":"Question","QuestionID":"QID37"},{"Type":"Question","QuestionID":"QID43"},{"Type":"Question","QuestionID":"QID5"},{"Type":"Question","QuestionID":"QID10"},{"Type":"Question","QuestionID":"QID44"}],"Options":{"BlockLocking":"false","RandomizeQuestions":"false","BlockVisibility":"Expanded"}},{"Type":"Standard","SubType":"","Description":"survey","ID":"BL_0qeWwSlFpMrk0GG","BlockElements":[{"Type":"Question","QuestionID":"QID6"},{"Type":"Question","QuestionID":"QID3"},{"Type":"Question","QuestionID":"QID4"},{"Type":"Page Break"},{"Type":"Question","QuestionID":"QID8"},{"Type":"Page Break"},{"Type":"Question","QuestionID":"QID9"},{"Type":"Question","QuestionID":"QID53"},{"Type":"Page Break"},{"Type":"Question","QuestionID":"QID48"},{"Type":"Page Break"},{"Type":"Question","QuestionID":"QID51"},{"Type":"Question","QuestionID":"QID12"},{"Type":"Question","QuestionID":"QID13"},{"Type":"Page Break"},{"Type":"Question","QuestionID":"QID56"},{"Type":"Question","QuestionID":"QID14"},{"Type":"Page Break"},{"Type":"Question","QuestionID":"QID49"},{"Type":"Question","QuestionID":"QID15"},{"Type":"Page Break"},{"Type":"Question","QuestionID":"QID46"},{"Type":"Page Break"},{"Type":"Question","QuestionID":"QID54"},{"Type":"Question","QuestionID":"QID55"},{"Type":"Page Break"},{"Type":"Question","QuestionID":"QID47"}],"Options":{"BlockLocking":"false","RandomizeQuestions":"false","BlockVisibility":"Expanded"}},{"Type":"Standard","SubType":"","Description":"privacy-statement-and-consent","ID":"BL_af6kQ9yY4ws1FR4","Options":{"BlockLocking":"false","RandomizeQuestions":"false","BlockVisibility":"Expanded"},"BlockElements":[{"Type":"Question","QuestionID":"QID52"}]}]},{"SurveyID":"SV_eswlDMEJuaf9nGS","Element":"FL","PrimaryAttribute":"Survey Flow","SecondaryAttribute":null,"TertiaryAttribute":null,"Payload":{"Type":"Root","FlowID":"FL_1","Flow":[{"Type":"Block","ID":"BL_6g3t7YFCCSyWtng","FlowID":"FL_2","Autofill":[]},{"ID":"BL_af6kQ9yY4ws1FR4","Type":"Standard","FlowID":"FL_5"},{"Type":"Standard","ID":"BL_0qeWwSlFpMrk0GG","FlowID":"FL_3","Autofill":[]}],"Properties":{"Count":5,"RemovedFieldsets":[]}}},{"SurveyID":"SV_eswlDMEJuaf9nGS","Element":"PL","PrimaryAttribute":"Preview Link","SecondaryAttribute":null,"TertiaryAttribute":null,"Payload":{"PreviewType":"Brand","PreviewID":"bca33287-eff9-40ce-b53e-1486ebce2507"}},{"SurveyID":"SV_eswlDMEJuaf9nGS","Element":"SO","PrimaryAttribute":"Survey Options","SecondaryAttribute":null,"TertiaryAttribute":null,"Payload":{"BackButton":"true","SaveAndContinue":"true","SurveyProtection":"PublicSurvey","BallotBoxStuffingPrevention":"false","NoIndex":"Yes","SecureResponseFiles":"true","SurveyExpiration":null,"SurveyTermination":"DefaultMessage","Header":"","Footer":"","ProgressBarDisplay":"Text","PartialData":"+3 month","ValidationMessage":null,"PreviousButton":" \u2190 ","NextButton":" \u2192 ","SurveyTitle":"LIBER Data Science in Libraries: Survey","SkinLibrary":"utrechtuniversity","SkinType":"templated","Skin":{"brandingId":"381247668","templateId":"*base","overrides":null},"NewScoring":1,"EOSMessage":null,"ShowExportTags":"false","CollectGeoLocation":"false","SurveyMetaDescription":"The most powerful, simple and trusted way to gather experience data. Start your journey to experience management and try a free account today.","PasswordProtection":"No","AnonymizeResponse":"Yes","RefererCheck":"No","UseCustomSurveyLinkCompletedMessage":null,"SurveyLinkCompletedMessage":null,"SurveyLinkCompletedMessageLibrary":null,"ResponseSummary":"No","EOSMessageLibrary":null,"EOSRedirectURL":null,"EmailThankYou":"false","ThankYouEmailMessageLibrary":null,"ThankYouEmailMessage":null,"ValidateMessage":"false","ValidationMessageLibrary":null,"InactiveSurvey":"DefaultMessage","PartialDeletion":null,"PartialDataCloseAfter":"LastActivity","InactiveMessageLibrary":null,"InactiveMessage":null,"AvailableLanguages":{"EN":[]},"ProtectSelectionIds":true,"CustomStyles":[],"BallotBoxStuffingPreventionBehavior":null,"BallotBoxStuffingPreventionMessage":null,"BallotBoxStuffingPreventionMessageLibrary":null,"BallotBoxStuffingPreventionURL":null,"RecaptchaV3":"false","ConfirmStart":false,"AutoConfirmStart":false,"SurveyLinkExpirationMessageType":"DefaultMessage","SurveyLinkExpirationMessage":null,"SurveyLinkExpirationMessageLibrary":null,"SurveyName":"What's With Data Science In Libraries?"}},{"SurveyID":"SV_eswlDMEJuaf9nGS","Element":"SCO","PrimaryAttribute":"Scoring","SecondaryAttribute":null,"TertiaryAttribute":null,"Payload":{"ScoringCategories":[],"ScoringCategoryGroups":[],"ScoringSummaryCategory":null,"ScoringSummaryAfterQuestions":0,"ScoringSummaryAfterSurvey":0,"DefaultScoringCategory":null,"AutoScoringCategory":null}},{"SurveyID":"SV_eswlDMEJuaf9nGS","Element":"PROJ","PrimaryAttribute":"CORE","SecondaryAttribute":null,"TertiaryAttribute":"1.1.0","Payload":{"ProjectCategory":"CORE","SchemaVersion":"1.1.0"}},{"SurveyID":"SV_eswlDMEJuaf9nGS","Element":"STAT","PrimaryAttribute":"Survey Statistics","SecondaryAttribute":null,"TertiaryAttribute":null,"Payload":{"MobileCompatible":true,"ID":"Survey Statistics"}},{"SurveyID":"SV_eswlDMEJuaf9nGS","Element":"QC","PrimaryAttribute":"Survey Question Count","SecondaryAttribute":"56","TertiaryAttribute":null,"Payload":null},{"SurveyID":"SV_eswlDMEJuaf9nGS","Element":"SQ","PrimaryAttribute":"QID43","SecondaryAttribute":"Anything else to add?","TertiaryAttribute":null,"Payload":{"QuestionText":"Anything else to add?<br>","DefaultChoices":false,"DataExportTag":"Q45","QuestionID":"QID43","QuestionType":"TE","Selector":"ML","Configuration":{"QuestionDescriptionOption":"UseText"},"QuestionDescription":"Anything else to add?","Validation":{"Settings":{"ForceResponse":"OFF","Type":"None"}},"GradingData":[],"Language":[],"NextChoiceId":4,"NextAnswerId":1,"SearchSource":{"AllowFreeResponse":"false"},"DataVisibility":{"Private":false,"Hidden":false},"QuestionText_Unsafe":"Anything else to add?<br>"}},{"SurveyID":"SV_eswlDMEJuaf9nGS","Element":"SQ","PrimaryAttribute":"QID44","SecondaryAttribute":"Anything else to add?","TertiaryAttribute":null,"Payload":{"QuestionText":"Anything else to add?","DefaultChoices":false,"DataExportTag":"Q35","QuestionID":"QID44","QuestionType":"TE","Selector":"ML","Configuration":{"QuestionDescriptionOption":"UseText"},"QuestionDescription":"Anything else to add?","Validation":{"Settings":{"ForceResponse":"OFF","Type":"None"}},"GradingData":[],"Language":[],"NextChoiceId":4,"NextAnswerId":1,"SearchSource":{"AllowFreeResponse":"false"},"DataVisibility":{"Private":false,"Hidden":false},"QuestionText_Unsafe":"Anything else to add?"}},{"SurveyID":"SV_eswlDMEJuaf9nGS","Element":"SQ","PrimaryAttribute":"QID45","SecondaryAttribute":"Anything else to add?","TertiaryAttribute":null,"Payload":{"QuestionText":"Anything else to add?","DefaultChoices":false,"DataExportTag":"Q26","QuestionID":"QID45","QuestionType":"TE","Selector":"ML","Configuration":{"QuestionDescriptionOption":"UseText"},"QuestionDescription":"Anything else to add?","Validation":{"Settings":{"ForceResponse":"OFF","Type":"None"}},"GradingData":[],"Language":[],"NextChoiceId":4,"NextAnswerId":1,"SearchSource":{"AllowFreeResponse":"false"},"DataVisibility":{"Private":false,"Hidden":false},"QuestionText_Unsafe":"Anything else to add?"}},{"SurveyID":"SV_eswlDMEJuaf9nGS","Element":"SQ","PrimaryAttribute":"QID46","SecondaryAttribute":"Anything else to add?","TertiaryAttribute":null,"Payload":{"QuestionText":"<strong>Anything else to add?<\/strong>","DefaultChoices":false,"DataExportTag":"Q17","QuestionID":"QID46","QuestionType":"TE","Selector":"ML","Configuration":{"QuestionDescriptionOption":"UseText"},"QuestionDescription":"Anything else to add?","Validation":{"Settings":{"ForceResponse":"OFF","Type":"None"}},"GradingData":[],"Language":[],"NextChoiceId":4,"NextAnswerId":1,"SearchSource":{"AllowFreeResponse":"false"},"DataVisibility":{"Private":false,"Hidden":false},"QuestionText_Unsafe":"Anything else to add?"}},{"SurveyID":"SV_eswlDMEJuaf9nGS","Element":"SQ","PrimaryAttribute":"QID17","SecondaryAttribute":"Are there any data science activities in relation to Collections as Data undertaken in your library?","TertiaryAttribute":null,"Payload":{"QuestionText":"Are there any data science activities in relation to Collections as Data undertaken in your library?<br>","DataExportTag":"Q8","QuestionType":"MC","Selector":"SAVR","SubSelector":"TX","Configuration":{"QuestionDescriptionOption":"UseText"},"QuestionDescription":"Are there any data science activities in relation to Collections as Data undertaken in your library?","Choices":{"1":{"Display":"Yes"},"2":{"Display":"No"}},"ChoiceOrder":[1,2],"Validation":{"Settings":{"ForceResponse":"ON","ForceResponseType":"ON","Type":"None"}},"Language":[],"NextChoiceId":3,"NextAnswerId":1,"QuestionID":"QID17","DataVisibility":{"Private":false,"Hidden":false},"QuestionText_Unsafe":"Are there any data science activities in relation to Collections as Data undertaken in your library?<br>"}},{"SurveyID":"SV_eswlDMEJuaf9nGS","Element":"SQ","PrimaryAttribute":"QID21","SecondaryAttribute":"Are there any data science activities in relation to Library Intelligence undertaken in your libr...","TertiaryAttribute":null,"Payload":{"QuestionText":"Are there any data science activities in relation to Library Intelligence undertaken in your library?<br>","DataExportTag":"Q18","QuestionType":"MC","Selector":"SAVR","SubSelector":"TX","Configuration":{"QuestionDescriptionOption":"UseText"},"QuestionDescription":"Are there any data science activities in relation to Library Intelligence undertaken in your libr...","Choices":{"1":{"Display":"Yes"},"2":{"Display":"No"}},"ChoiceOrder":[1,2],"Validation":{"Settings":{"ForceResponse":"ON","ForceResponseType":"ON","Type":"None"}},"Language":[],"NextChoiceId":3,"NextAnswerId":1,"QuestionID":"QID21","DataVisibility":{"Private":false,"Hidden":false},"QuestionText_Unsafe":"Are there any data science activities in relation to Library Intelligence undertaken in your library?<br>"}},{"SurveyID":"SV_eswlDMEJuaf9nGS","Element":"SQ","PrimaryAttribute":"QID41","SecondaryAttribute":"Are there any data science activities in relation to Research Intelligence undertaken in your lib...","TertiaryAttribute":null,"Payload":{"QuestionText":"Are there any data science activities in relation to Research Intelligence undertaken in your library?<br>","DataExportTag":"Q37","QuestionType":"MC","Selector":"SAVR","SubSelector":"TX","Configuration":{"QuestionDescriptionOption":"UseText"},"QuestionDescription":"Are there any data science activities in relation to Research Intelligence undertaken in your lib...","Choices":{"1":{"Display":"Yes"},"2":{"Display":"No"}},"ChoiceOrder":[1,2],"Validation":{"Settings":{"ForceResponse":"ON","ForceResponseType":"ON","Type":"None"}},"Language":[],"NextChoiceId":3,"NextAnswerId":1,"QuestionID":"QID41","DataVisibility":{"Private":false,"Hidden":false},"QuestionText_Unsafe":"Are there any data science activities in relation to Research Intelligence undertaken in your library?<br>"}},{"SurveyID":"SV_eswlDMEJuaf9nGS","Element":"SQ","PrimaryAttribute":"QID35","SecondaryAttribute":"Are there any data science activities in relation to Research Support undertaken in your library?","TertiaryAttribute":null,"Payload":{"QuestionText":"Are there any data science activities in relation to Research Support undertaken in your library?<br>","DataExportTag":"Q28","QuestionType":"MC","Selector":"SAVR","SubSelector":"TX","Configuration":{"QuestionDescriptionOption":"UseText"},"QuestionDescription":"Are there any data science activities in relation to Research Support undertaken in your library?","Choices":{"1":{"Display":"Yes"},"2":{"Display":"No"}},"ChoiceOrder":[1,2],"Validation":{"Settings":{"ForceResponse":"ON","ForceResponseType":"ON","Type":"None"}},"Language":[],"NextChoiceId":3,"NextAnswerId":1,"QuestionID":"QID35","DataVisibility":{"Private":false,"Hidden":false},"QuestionText_Unsafe":"Are there any data science activities in relation to Research Support undertaken in your library?<br>"}},{"SurveyID":"SV_eswlDMEJuaf9nGS","Element":"SQ","PrimaryAttribute":"QID54","SecondaryAttribute":"Are you willing to be contacted for additional questions and\/or discussion on this topic?","TertiaryAttribute":null,"Payload":{"QuestionText":"<strong>Are you willing to be contacted for additional questions and\/or discussion on this topic?<\/strong>","DefaultChoices":false,"DataExportTag":"Q18","QuestionID":"QID54","QuestionType":"MC","Selector":"SAVR","SubSelector":"TX","Configuration":{"QuestionDescriptionOption":"UseText"},"QuestionDescription":"Are you willing to be contacted for additional questions and\/or discussion on this topic?","Choices":{"1":{"Display":"Yes"},"2":{"Display":"No"}},"ChoiceOrder":["1","2"],"Validation":{"Settings":{"ForceResponse":"OFF","Type":"None"}},"GradingData":[],"Language":[],"NextChoiceId":4,"NextAnswerId":1}},{"SurveyID":"SV_eswlDMEJuaf9nGS","Element":"SQ","PrimaryAttribute":"QID16","SecondaryAttribute":"Click to write the question text","TertiaryAttribute":null,"Payload":{"QuestionText":"Click to write the question text","DataExportTag":"Q16","QuestionType":"MC","Selector":"SAVR","SubSelector":"TX","Configuration":{"QuestionDescriptionOption":"UseText"},"QuestionDescription":"Click to write the question text","Choices":{"1":{"Display":"Click to write Choice 1"},"2":{"Display":"Click to write Choice 2"},"3":{"Display":"Click to write Choice 3"}},"ChoiceOrder":["1","2","3"],"Validation":{"Settings":{"ForceResponse":"OFF","Type":"None"}},"Language":[],"NextChoiceId":4,"NextAnswerId":1,"QuestionID":"QID16"}},{"SurveyID":"SV_eswlDMEJuaf9nGS","Element":"SQ","PrimaryAttribute":"QID47","SecondaryAttribute":"Clicking the button below will submit your responses! A draft of your responses will be kept for...","TertiaryAttribute":null,"Payload":{"QuestionText":"<span style=\"color:#c0392b;\"><strong>Clicking the button below will submit your responses!<\/strong><\/span><br \/>\n<br \/>\nA draft of your responses will be kept for 7 days and you can return to the draft and submit your final responses later.","DefaultChoices":false,"DataExportTag":"Q20","QuestionID":"QID47","QuestionType":"DB","Selector":"TB","Configuration":{"QuestionDescriptionOption":"UseText"},"QuestionDescription":"Clicking the button below will submit your responses! A draft of your responses will be kept for...","ChoiceOrder":[],"Validation":{"Settings":{"Type":"None"}},"GradingData":[],"Language":[],"NextChoiceId":4,"NextAnswerId":1,"QuestionText_Unsafe":"<span style=\"color:#c0392b;\"><strong>! Clicking the button below will submit your responses<\/strong><\/span>","DataVisibility":{"Private":false,"Hidden":false}}},{"SurveyID":"SV_eswlDMEJuaf9nGS","Element":"RS","PrimaryAttribute":"RS_9mIOhSpQTSzQ7uS","SecondaryAttribute":"Default Response Set","TertiaryAttribute":null,"Payload":null},{"SurveyID":"SV_eswlDMEJuaf9nGS","Element":"SQ","PrimaryAttribute":"QID11","SecondaryAttribute":"Describe how are the data science activities funded","TertiaryAttribute":null,"Payload":{"QuestionText":"Describe how are the data science activities funded<br>","DefaultChoices":false,"DataExportTag":"Funding","QuestionID":"QID11","QuestionType":"TE","Selector":"ML","Configuration":{"QuestionDescriptionOption":"UseText","InputWidth":580,"InputHeight":29},"QuestionDescription":"Describe how are the data science activities funded","Validation":{"Settings":{"ForceResponse":"OFF","Type":"None"}},"GradingData":[],"Language":[],"NextChoiceId":4,"NextAnswerId":1,"SearchSource":{"AllowFreeResponse":"false"},"DataVisibility":{"Private":false,"Hidden":false}}},{"SurveyID":"SV_eswlDMEJuaf9nGS","Element":"SQ","PrimaryAttribute":"QID22","SecondaryAttribute":"Describe how are the data science activities funded","TertiaryAttribute":null,"Payload":{"QuestionText":"Describe how are the data science activities funded<br>","DefaultChoices":false,"DataExportTag":"Q21","QuestionID":"QID22","QuestionType":"TE","Selector":"ML","DataVisibility":{"Private":false,"Hidden":false},"Configuration":{"QuestionDescriptionOption":"UseText"},"QuestionDescription":"Describe how are the data science activities funded","Validation":{"Settings":{"ForceResponse":"OFF","Type":"None"}},"GradingData":[],"Language":[],"NextChoiceId":4,"NextAnswerId":1,"SearchSource":{"AllowFreeResponse":"false"},"QuestionText_Unsafe":"Describe how are the data science activities funded<br>"}},{"SurveyID":"SV_eswlDMEJuaf9nGS","Element":"SQ","PrimaryAttribute":"QID31","SecondaryAttribute":"Describe how are the data science activities funded","TertiaryAttribute":null,"Payload":{"QuestionText":"Describe how are the data science activities funded<br>","DefaultChoices":false,"DataExportTag":"Q31","QuestionID":"QID31","QuestionType":"TE","Selector":"ML","DataVisibility":{"Private":false,"Hidden":false},"Configuration":{"QuestionDescriptionOption":"UseText"},"QuestionDescription":"Describe how are the data science activities funded","Validation":{"Settings":{"ForceResponse":"OFF","Type":"None"}},"GradingData":[],"Language":[],"NextChoiceId":4,"NextAnswerId":1,"SearchSource":{"AllowFreeResponse":"false"},"QuestionText_Unsafe":"Describe how are the data science activities funded<br>"}},{"SurveyID":"SV_eswlDMEJuaf9nGS","Element":"SQ","PrimaryAttribute":"QID39","SecondaryAttribute":"Describe how are the data science activities funded","TertiaryAttribute":null,"Payload":{"QuestionText":"Describe how are the data science activities funded<br>","DefaultChoices":false,"DataExportTag":"Q40","QuestionID":"QID39","QuestionType":"TE","Selector":"ML","DataVisibility":{"Private":false,"Hidden":false},"Configuration":{"QuestionDescriptionOption":"UseText"},"QuestionDescription":"Describe how are the data science activities funded","Validation":{"Settings":{"ForceResponse":"OFF","Type":"None"}},"GradingData":[],"Language":[],"NextChoiceId":4,"NextAnswerId":1,"SearchSource":{"AllowFreeResponse":"false"},"QuestionText_Unsafe":"Describe how are the data science activities funded<br>"}},{"SurveyID":"SV_eswlDMEJuaf9nGS","Element":"SQ","PrimaryAttribute":"QID10","SecondaryAttribute":"Describe how are the data science activities organized.","TertiaryAttribute":null,"Payload":{"QuestionText":"Describe how are the data science activities organized.<br><br>","DefaultChoices":false,"DataExportTag":"Q10","QuestionID":"QID10","QuestionType":"TE","Selector":"ML","Configuration":{"QuestionDescriptionOption":"UseText"},"QuestionDescription":"Describe how are the data science activities organized.","Validation":{"Settings":{"ForceResponse":"OFF","Type":"None"}},"GradingData":[],"Language":[],"NextChoiceId":4,"NextAnswerId":1,"SearchSource":{"AllowFreeResponse":"false"},"DataVisibility":{"Private":false,"Hidden":false},"QuestionText_Unsafe":"Describe how are the data science activities organised<br>"}},{"SurveyID":"SV_eswlDMEJuaf9nGS","Element":"SQ","PrimaryAttribute":"QID7","SecondaryAttribute":"Describe the current data science activities in your library","TertiaryAttribute":null,"Payload":{"QuestionText":"Describe the current data science activities in your library<br>","DefaultChoices":false,"DataExportTag":"Activities","QuestionType":"TE","Selector":"ML","Configuration":{"QuestionDescriptionOption":"UseText","InputWidth":580,"InputHeight":29},"QuestionDescription":"Describe the current data science activities in your library","Validation":{"Settings":{"ForceResponse":"OFF","Type":"None"}},"GradingData":[],"Language":[],"NextChoiceId":4,"NextAnswerId":1,"SearchSource":{"AllowFreeResponse":"false"},"QuestionID":"QID7","DataVisibility":{"Private":false,"Hidden":false}}},{"SurveyID":"SV_eswlDMEJuaf9nGS","Element":"SQ","PrimaryAttribute":"QID24","SecondaryAttribute":"Describe the current data science activities in your library","TertiaryAttribute":null,"Payload":{"QuestionText":"Describe the current data science activities in your library","DefaultChoices":false,"DataExportTag":"Q19","QuestionID":"QID24","QuestionType":"TE","Selector":"ML","Configuration":{"QuestionDescriptionOption":"UseText"},"QuestionDescription":"Describe the current data science activities in your library","Validation":{"Settings":{"ForceResponse":"OFF","Type":"None"}},"GradingData":[],"Language":[],"NextChoiceId":4,"NextAnswerId":1,"SearchSource":{"AllowFreeResponse":"false"},"DataVisibility":{"Private":false,"Hidden":false},"QuestionText_Unsafe":"Describe the current data science activities in your library"}},{"SurveyID":"SV_eswlDMEJuaf9nGS","Element":"SQ","PrimaryAttribute":"QID33","SecondaryAttribute":"Describe the current data science activities in your library","TertiaryAttribute":null,"Payload":{"QuestionText":"Describe the current data science activities in your library<br>","DefaultChoices":false,"DataExportTag":"Q29","QuestionID":"QID33","QuestionType":"TE","Selector":"ML","DataVisibility":{"Private":false,"Hidden":false},"Configuration":{"QuestionDescriptionOption":"UseText"},"QuestionDescription":"Describe the current data science activities in your library","Validation":{"Settings":{"ForceResponse":"OFF","Type":"None"}},"GradingData":[],"Language":[],"NextChoiceId":4,"NextAnswerId":1,"SearchSource":{"AllowFreeResponse":"false"},"QuestionText_Unsafe":"Describe the current data science activities in your library<br>"}},{"SurveyID":"SV_eswlDMEJuaf9nGS","Element":"SQ","PrimaryAttribute":"QID42","SecondaryAttribute":"Describe the current data science activities in your library","TertiaryAttribute":null,"Payload":{"QuestionText":"Describe the current data science activities in your library<br>","DefaultChoices":false,"DataExportTag":"Q38","QuestionID":"QID42","QuestionType":"TE","Selector":"ML","DataVisibility":{"Private":false,"Hidden":false},"Configuration":{"QuestionDescriptionOption":"UseText"},"QuestionDescription":"Describe the current data science activities in your library","Validation":{"Settings":{"ForceResponse":"OFF","Type":"None"}},"GradingData":[],"Language":[],"NextChoiceId":4,"NextAnswerId":1,"SearchSource":{"AllowFreeResponse":"false"},"QuestionText_Unsafe":"Describe the current data science activities in your library<br>"}},{"SurveyID":"SV_eswlDMEJuaf9nGS","Element":"SQ","PrimaryAttribute":"QID48","SecondaryAttribute":"Describe the current data science activities in your library. In your answers, you are invited to...","TertiaryAttribute":null,"Payload":{"QuestionText":"<strong>Describe the current data science activities in your library.<\/strong><br \/>\n<br \/>\nIn your answers, you are invited to be as specific as possible. You are welcome to provide concrete use examples and data science methods.<br \/>\n<br \/>\nIf you find it helpful, you may specify when your answers relate to one or more of the aforementioned categories or divide your answers based on the aforementioned categories:\n<ul>\n\t<li>Collections as Data<\/li>\n\t<li>Library Intelligence<\/li>\n\t<li>Research Support<\/li>\n\t<li>Research Intelligence<\/li>\n\t<li>Other<\/li>\n<\/ul>","DefaultChoices":false,"DataExportTag":"Q9","QuestionID":"QID48","QuestionType":"TE","Selector":"ML","DataVisibility":{"Private":false,"Hidden":false},"Configuration":{"QuestionDescriptionOption":"UseText"},"QuestionDescription":"Describe the current data science activities in your library. In your answers, you are invited to...","Validation":{"Settings":{"ForceResponse":"OFF","Type":"None"}},"GradingData":[],"Language":[],"NextChoiceId":4,"NextAnswerId":1,"SearchSource":{"AllowFreeResponse":"false"},"QuestionText_Unsafe":"Describe the current data science activities in your library<br>"}},{"SurveyID":"SV_eswlDMEJuaf9nGS","Element":"SQ","PrimaryAttribute":"QID12","SecondaryAttribute":"Describe the staff responsible for data science activities. For example:What is their background?...","TertiaryAttribute":null,"Payload":{"QuestionText":"<strong>Describe the staff responsible for data science activities.<\/strong><br \/>\n<br \/>\nFor example:\n<ul>\n\t<li>What is their background?<\/li>\n\t<li>What are their qualifications and training?<\/li>\n\t<li>What are their specific roles in the organization?<\/li>\n<\/ul>","DefaultChoices":false,"DataExportTag":"Q11","QuestionType":"TE","Selector":"ML","Configuration":{"QuestionDescriptionOption":"UseText"},"QuestionDescription":"Describe the staff responsible for data science activities. For example:What is their background?...","Validation":{"Settings":{"ForceResponse":"OFF","Type":"None"}},"GradingData":[],"Language":[],"NextChoiceId":4,"NextAnswerId":1,"SearchSource":{"AllowFreeResponse":"false"},"QuestionID":"QID12","DataVisibility":{"Private":false,"Hidden":false},"QuestionText_Unsafe":"Describe the staff who is responsible for data science activities<br>"}},{"SurveyID":"SV_eswlDMEJuaf9nGS","Element":"SQ","PrimaryAttribute":"QID23","SecondaryAttribute":"Describe the staff who is responsible for data science activities","TertiaryAttribute":null,"Payload":{"QuestionText":"Describe the staff who is responsible for data science activities<br>","DefaultChoices":false,"DataExportTag":"Q22","QuestionID":"QID23","QuestionType":"TE","Selector":"ML","DataVisibility":{"Private":false,"Hidden":false},"Configuration":{"QuestionDescriptionOption":"UseText"},"QuestionDescription":"Describe the staff who is responsible for data science activities","Validation":{"Settings":{"ForceResponse":"OFF","Type":"None"}},"GradingData":[],"Language":[],"NextChoiceId":4,"NextAnswerId":1,"SearchSource":{"AllowFreeResponse":"false"},"QuestionText_Unsafe":"Describe the staff who is responsible for data science activities<br>"}},{"SurveyID":"SV_eswlDMEJuaf9nGS","Element":"SQ","PrimaryAttribute":"QID40","SecondaryAttribute":"Describe the staff who is responsible for data science activities","TertiaryAttribute":null,"Payload":{"QuestionText":"Describe the staff who is responsible for data science activities<br>","DefaultChoices":false,"DataExportTag":"Q41","QuestionID":"QID40","QuestionType":"TE","Selector":"ML","DataVisibility":{"Private":false,"Hidden":false},"Configuration":{"QuestionDescriptionOption":"UseText"},"QuestionDescription":"Describe the staff who is responsible for data science activities","Validation":{"Settings":{"ForceResponse":"OFF","Type":"None"}},"GradingData":[],"Language":[],"NextChoiceId":4,"NextAnswerId":1,"SearchSource":{"AllowFreeResponse":"false"},"QuestionText_Unsafe":"Describe the staff who is responsible for data science activities<br>"}},{"SurveyID":"SV_eswlDMEJuaf9nGS","Element":"SQ","PrimaryAttribute":"QID14","SecondaryAttribute":"Does the library have ways of addressing legal or ethical challenges related to data science acti...","TertiaryAttribute":null,"Payload":{"QuestionText":"<strong>Does the library have ways of addressing legal or ethical challenges related to data science activities?<\/strong>","DefaultChoices":false,"DataExportTag":"Q14","QuestionType":"TE","Selector":"ML","Configuration":{"QuestionDescriptionOption":"UseText"},"QuestionDescription":"Does the library have ways of addressing legal or ethical challenges related to data science acti...","Validation":{"Settings":{"ForceResponse":"OFF","Type":"None"}},"GradingData":[],"Language":[],"NextChoiceId":4,"NextAnswerId":1,"SearchSource":{"AllowFreeResponse":"false"},"QuestionID":"QID14","DataVisibility":{"Private":false,"Hidden":false},"QuestionText_Unsafe":"How are the ethics and legal aspects in relation to data science addressed within the library?<br>"}},{"SurveyID":"SV_eswlDMEJuaf9nGS","Element":"SQ","PrimaryAttribute":"QID5","SecondaryAttribute":"E-mail address","TertiaryAttribute":null,"Payload":{"QuestionText":"E-mail address<br>","DefaultChoices":false,"DataExportTag":"Q5","QuestionType":"TE","Selector":"SL","Configuration":{"QuestionDescriptionOption":"UseText"},"QuestionDescription":"E-mail address","Validation":{"Settings":{"ForceResponse":"OFF","Type":"None"}},"GradingData":[],"Language":[],"NextChoiceId":4,"NextAnswerId":1,"SearchSource":{"AllowFreeResponse":"false"},"QuestionID":"QID5","QuestionText_Unsafe":"E-mail address<br>"}},{"SurveyID":"SV_eswlDMEJuaf9nGS","Element":"SQ","PrimaryAttribute":"QID55","SecondaryAttribute":"Great! You can provide your name and e-mail address below: As mentioned in the privacy statement,...","TertiaryAttribute":null,"Payload":{"QuestionText":"<strong>Great! You can provide your name and e-mail address below:<\/strong><br>\n<br>\nAs mentioned in the privacy statement, your name and e-mail address will only be used to contact you for additional questions and\/or discussion on this topic.&nbsp;","DefaultChoices":false,"DataExportTag":"Q19","QuestionID":"QID55","QuestionType":"TE","Selector":"SL","Configuration":{"QuestionDescriptionOption":"UseText"},"QuestionDescription":"Great! You can provide your name and e-mail address below: As mentioned in the privacy statement,...","Validation":{"Settings":{"ForceResponse":"OFF","Type":"None"}},"GradingData":[],"Language":[],"NextChoiceId":4,"NextAnswerId":1,"SearchSource":{"AllowFreeResponse":"false"},"InPageDisplayLogic":{"0":{"0":{"QuestionID":"QID54","QuestionIsInLoop":"no","ChoiceLocator":"q:\/\/QID54\/SelectableChoice\/1","Operator":"Selected","QuestionIDFromLocator":"QID54","LeftOperand":"q:\/\/QID54\/SelectableChoice\/1","Type":"Expression","LogicType":"Question","Description":"<span class=\"ConjDesc\">If<\/span> <span class=\"QuestionDesc\">Are you willing to be contacted for additional questions and\/or discussion on this topic?<\/span> <span class=\"LeftOpDesc\">Yes<\/span> <span class=\"OpDesc\">Is Selected<\/span> "},"Type":"If"},"Type":"BooleanExpression","inPage":true}}},{"SurveyID":"SV_eswlDMEJuaf9nGS","Element":"SQ","PrimaryAttribute":"QID49","SecondaryAttribute":"How are the data science activities typically funded?","TertiaryAttribute":null,"Payload":{"QuestionText":"<strong>How are the data science activities typically funded?<\/strong>","DefaultChoices":false,"DataExportTag":"Q15","QuestionID":"QID49","QuestionType":"TE","Selector":"ML","DataVisibility":{"Private":false,"Hidden":false},"Configuration":{"QuestionDescriptionOption":"UseText"},"QuestionDescription":"How are the data science activities typically funded?","Validation":{"Settings":{"ForceResponse":"OFF","Type":"None"}},"GradingData":[],"Language":[],"NextChoiceId":4,"NextAnswerId":1,"SearchSource":{"AllowFreeResponse":"false"},"QuestionText_Unsafe":"Describe how are the data science activities funded<br>"}},{"SurveyID":"SV_eswlDMEJuaf9nGS","Element":"SQ","PrimaryAttribute":"QID27","SecondaryAttribute":"How are the ethics and legal aspects in relation to data science addressed within the library?","TertiaryAttribute":null,"Payload":{"QuestionText":"How are the ethics and legal aspects in relation to data science addressed within the library?<br>","DefaultChoices":false,"DataExportTag":"Q24","QuestionID":"QID27","QuestionType":"TE","Selector":"ML","DataVisibility":{"Private":false,"Hidden":false},"Configuration":{"QuestionDescriptionOption":"UseText"},"QuestionDescription":"How are the ethics and legal aspects in relation to data science addressed within the library?","Validation":{"Settings":{"ForceResponse":"OFF","Type":"None"}},"GradingData":[],"Language":[],"NextChoiceId":4,"NextAnswerId":1,"SearchSource":{"AllowFreeResponse":"false"},"QuestionText_Unsafe":"How are the ethics and legal aspects in relation to data science addressed within the library?<br>"}},{"SurveyID":"SV_eswlDMEJuaf9nGS","Element":"SQ","PrimaryAttribute":"QID30","SecondaryAttribute":"How are the ethics and legal aspects in relation to data science addressed within the library?","TertiaryAttribute":null,"Payload":{"QuestionText":"How are the ethics and legal aspects in relation to data science addressed within the library?<br>","DefaultChoices":false,"DataExportTag":"Q33","QuestionID":"QID30","QuestionType":"TE","Selector":"ML","DataVisibility":{"Private":false,"Hidden":false},"Configuration":{"QuestionDescriptionOption":"UseText"},"QuestionDescription":"How are the ethics and legal aspects in relation to data science addressed within the library?","Validation":{"Settings":{"ForceResponse":"OFF","Type":"None"}},"GradingData":[],"Language":[],"NextChoiceId":4,"NextAnswerId":1,"SearchSource":{"AllowFreeResponse":"false"},"QuestionText_Unsafe":"How are the ethics and legal aspects in relation to data science addressed within the library?<br>"}},{"SurveyID":"SV_eswlDMEJuaf9nGS","Element":"SQ","PrimaryAttribute":"QID50","SecondaryAttribute":"How are the ethics and legal aspects in relation to data science addressed within the library?","TertiaryAttribute":null,"Payload":{"QuestionText":"How are the ethics and legal aspects in relation to data science addressed within the library?<br>","DefaultChoices":false,"DataExportTag":"Q43","QuestionID":"QID50","QuestionType":"TE","Selector":"ML","DataVisibility":{"Private":false,"Hidden":false},"Configuration":{"QuestionDescriptionOption":"UseText"},"QuestionDescription":"How are the ethics and legal aspects in relation to data science addressed within the library?","Validation":{"Settings":{"ForceResponse":"OFF","Type":"None"}},"GradingData":[],"Language":[],"NextChoiceId":4,"NextAnswerId":1,"SearchSource":{"AllowFreeResponse":"false"},"QuestionText_Unsafe":"How are the ethics and legal aspects in relation to data science addressed within the library?<br>"}},{"SurveyID":"SV_eswlDMEJuaf9nGS","Element":"SQ","PrimaryAttribute":"QID53","SecondaryAttribute":"If you disagree with our categorizations or have an idea for a new category, please feel free to...","TertiaryAttribute":null,"Payload":{"QuestionText":"If you disagree with our categorizations or have an idea for a new category, please feel free to provide your suggestions here.","DefaultChoices":false,"DataExportTag":"Q8","QuestionID":"QID53","QuestionType":"TE","Selector":"SL","Configuration":{"QuestionDescriptionOption":"UseText"},"QuestionDescription":"If you disagree with our categorizations or have an idea for a new category, please feel free to...","Validation":{"Settings":{"ForceResponse":"OFF","Type":"None"}},"GradingData":[],"Language":[],"NextChoiceId":4,"NextAnswerId":1,"SearchSource":{"AllowFreeResponse":"false"},"InPageDisplayLogic":{"0":{"0":{"QuestionID":"QID9","QuestionIsInLoop":"no","ChoiceLocator":"q:\/\/QID9\/SelectableChoice\/8","Operator":"Selected","QuestionIDFromLocator":"QID9","LeftOperand":"q:\/\/QID9\/SelectableChoice\/8","Type":"Expression","LogicType":"Question","Description":"<span class=\"ConjDesc\">If<\/span> <span class=\"QuestionDesc\">Which categories apply to your data science activities? (multiple options possible)<\/span> <span class=\"LeftOpDesc\">&lt;strong&gt;Other&lt;\/strong&gt;&lt;br \/&gt;\n&lt;br \/&gt;<\/span> <span class=\"OpDesc\">Is Selected<\/span> "},"Type":"If"},"Type":"BooleanExpression","inPage":true}}},{"SurveyID":"SV_eswlDMEJuaf9nGS","Element":"SQ","PrimaryAttribute":"QID8","SecondaryAttribute":"Let's Get Going! \u00a0 What do we mean by data science? \u00a0 For the purpose of this survey, we define d.","TertiaryAttribute":null,"Payload":{"QuestionText":"<h2><b>Let's Get Going!<\/b><\/h2>\n\n<div>&nbsp;<\/div>\n\n<div><strong>What do we mean by data science?<\/strong><\/div>\n\n<div>&nbsp;<\/div>\n\n<div>For the purpose of this survey, we define data science as a set of computational methods for the identification of novel and actionable insights from data. Computational methods used in data science include, but are not limited to, descriptive and inferential statistics, visualization, text mining, image processing and computer vision, machine learning, and data engineering. Data science in libraries is the use of data science methods in the delivery and\/or improvement of library services and the delivery of data science training or services.<\/div>\n\n<div>&nbsp;<\/div>\n\n<div><b>Categorizing data science activities<\/b><\/div>\n\n<div>&nbsp;<\/div>\n\n<div>To describe data science activities in a library, our analysis will make use of four groups of activities where data science methods can be used (definitions will follow):<\/div>\n\n<ul>\n\t<li>Collections as Data<\/li>\n\t<li>Library Intelligence<\/li>\n\t<li>Research Support<\/li>\n\t<li>Research Intelligence<\/li>\n<\/ul><br>In your answers, you are invited to be as specific as possible. You are welcome to provide concrete use examples and data science methods.<br><br>If you find it helpful, you may specify when your answers to upcoming questions relate to one or more of these categories, or divide your answers based on these categories.<br><div>&nbsp;<\/div>","DefaultChoices":false,"DataExportTag":"Q6","QuestionType":"DB","Selector":"TB","Configuration":{"QuestionDescriptionOption":"UseText"},"QuestionDescription":"Let's Get Going! \u00a0 What do we mean by data science? \u00a0 For the purpose of this survey, we define d...","ChoiceOrder":[],"Validation":{"Settings":{"Type":"None"}},"GradingData":[],"Language":[],"NextChoiceId":4,"NextAnswerId":1,"QuestionID":"QID8","DataVisibility":{"Private":false,"Hidden":false},"QuestionText_Unsafe":"<h2><strong>Describe data science activities in your library<\/strong><\/h2>\n\n<div>&nbsp;<\/div>\n\n<div>To describe data science activities in a library, we make use of four groups of activities where data science methods can be used:<\/div>\n\n<ul>\n\t<li>Collections as Data<\/li>\n\t<li>Library Intelligence<\/li>\n\t<li>Research Support<\/li>\n\t<li>Research Intelligence<\/li>\n<\/ul>\n\n<div>&nbsp;<\/div>\n\n<div>In your answer, be as specific as possible. Name concrete use examples and data science methods.<\/div>\n\n<div>&nbsp;<\/div>\n\n<div><strong>What do we mean by data science?<\/strong><\/div>\n\n<div>&nbsp;<\/div>\n\n<div>For the purpose of this survey, we define data science as a set of computational methods for the identification of novel and actionable insights from data. Computational methods used in data science include, but are not limited to, descriptive and inferential statistics, visualisation, text mining, image processing and computer vision, machine learning, and data engineering. Data science in libraries is the use of data science methods in the delivery and\/or improvement of library services and the delivery of data science training or services.<\/div><br><div>&nbsp;<\/div>"}},{"SurveyID":"SV_eswlDMEJuaf9nGS","Element":"SQ","PrimaryAttribute":"QID2","SecondaryAttribute":"LIBER Data Science in Libraries: Survey\u00a0 \u00a0 The LIBER Data Science in Libraries Working Group (DSL.","TertiaryAttribute":null,"Payload":{"QuestionText":"<h1><strong>LIBER Data Science in Libraries: Survey&nbsp;<\/strong><\/h1>\n\n<div>&nbsp;<\/div>\n\n<div>The <a href=\"https:\/\/libereurope.eu\/working-group\/liber-data-science-in-libraries-working-group\/\">LIBER Data Science in Libraries Working Group (DSLib)<\/a> is working on a landscape analysis of data science in libraries and would like to invite representatives of libraries to take part in this initiative and contribute information.<\/div>\n\n<div>&nbsp;\n<p>The survey results will be used to analyze the current landscape of data science in libraries. A pseudonymized summary of the results will be presented in a DSLib landscape analysis and events featuring the working group.<br>\n<br>\nIn the survey, we ask for respondents' names, e-mail addresses, job titles, and library affiliations. Providing your name and e-mail address is optional, in case you're open to being contacted for additional questions and\/or discussion. The job titles and library affiliations will be made publicly available in conjunction with specific (data science) activities.<br>\n<br>\nFeel free to consult with your colleagues while completing the survey. After starting the survey, a draft of your responses will be kept for 7 days and you can return to the draft and submit your final responses later.<br>\n<br>\nIf you have colleagues working with data science within your\/another LIBER-affiliated library, please invite them to complete this survey.&nbsp;<\/p>\n\n<p>&nbsp;<\/p>\n<\/div>\n\n<div>In case of questions or feedback, you can contact Neha Moopen (<a href=\"mailto:n.moopen@uu.nl\">n.moopen@uu.nl<\/a>) or Peter Kiraly (<a href=\"mailto:peter.kiraly@gwdg.de\">peter.kiraly@gwdg.de<\/a>).<\/div>","DefaultChoices":false,"DataExportTag":"Q1","QuestionType":"DB","Selector":"TB","Configuration":{"QuestionDescriptionOption":"UseText"},"QuestionDescription":"LIBER Data Science in Libraries: Survey\u00a0 \u00a0 The LIBER Data Science in Libraries Working Group (DSL...","ChoiceOrder":[],"Validation":{"Settings":{"Type":"None"}},"GradingData":[],"Language":[],"NextChoiceId":9,"NextAnswerId":1,"QuestionID":"QID2","DataVisibility":{"Private":false,"Hidden":false},"QuestionText_Unsafe":"<h1><strong>What\u2019s with Data Science in Libraries?<\/strong><\/h1>\n&nbsp;\n\n<h2><strong>LIBER Data Science in Libraries Working Group&nbsp; Survey 2022 # pilot<\/strong><\/h2>\n\n<div>&nbsp;<\/div>\n\n<div><br>\n&nbsp;<\/div>\n\n<h3><strong>About the survey<\/strong><\/h3>\n\n<div>LIBER Data Science in Libraries Working Group (DSLib) is working on a landscape analysis of data science in libraries and would like to invite representatives of libraries to take part in this initiative.<\/div>\n\n<div>&nbsp;<\/div>\n\n<div>It will take about 30 minutes to complete this questionnaire.<\/div>\n\n<div>It is possible that for the completion of this questionnaire, you will need to consult with your colleagues.<br><\/div><div><br><\/div><div>Before submitting, a draft of your responses will be kept for 7 days. You can return to the draft and finalise it later.<br><\/div>\n\n<div>&nbsp;<\/div>\n\n<div>This survey results will be used to depict the current landscape data science in libraries. The results of the analysis will be presented only in a summarised form: in a DSLib workshop in Liber 2022 and a DSLib report.<\/div>\n\n<div>&nbsp;<\/div>\n\n<div>As part of the questionnaire, we ask your name, e-mail address, and organisation. Your name and e-mail address will be used only to contact you in case of additional questions. The names of organisations in conjunction with specific activities will be made publicly available.<\/div>\n\n<div>&nbsp;<\/div>\n\n<div>The survey will be closed on April 25, 2022 6 pm (CEST).<\/div>\n\n<div>&nbsp;<\/div>\n\n<div>In case of questions or feedback, contact Linda S\u012ble-Shriram: linda.sile@uantwerpen.be<\/div>"}},{"SurveyID":"SV_eswlDMEJuaf9nGS","Element":"SQ","PrimaryAttribute":"QID18","SecondaryAttribute":"Library Intelligence (Group #2 of 4) Describe how data science is used in your library in relatio...","TertiaryAttribute":null,"Payload":{"QuestionText":"<h2>Library Intelligence (Group #2 of 4)<br><\/h2>\n\n<div><br>\n<strong>Describe how data science is used in your library in relation to Library Intelligence<br><\/strong><\/div>\n\n<div>&nbsp;<\/div>\n\n<div>By 'Library Intelligence' we mean data science activities geared towards the improvement of traditional library services and support for decision-making by library management. Examples are data-driven item suggestions for library patrons, the application of machine learning techniques in the management of library material flows, the use of library loan data analytics in collection management, and automated library analytics for day-to-day planning and annual reports.<\/div>","DefaultChoices":false,"DataExportTag":"Q17","QuestionType":"DB","Selector":"TB","DataVisibility":{"Private":false,"Hidden":false},"Configuration":{"QuestionDescriptionOption":"UseText"},"QuestionDescription":"Library Intelligence (Group #2 of 4) Describe how data science is used in your library in relatio...","ChoiceOrder":[],"Validation":{"Settings":{"Type":"None"}},"GradingData":[],"Language":[],"NextChoiceId":4,"NextAnswerId":1,"QuestionID":"QID18","QuestionText_Unsafe":"<h2>Library Intelligence (Group #2 of 4)<br><\/h2>\n\n<div><br>\n<strong>Describe how data science is used in your library in relation to Library Intelligence<br><\/strong><\/div>\n\n<div>&nbsp;<\/div>\n\n<div>By 'Library Intelligence' we mean data science activities geared towards the improvement of traditional library services and support for decision-making by library management. Examples are data-driven item suggestions for library patrons, the application of machine learning techniques in the management of library material flows, the use of library loan data analytics in collection management, and automated library analytics for day-to-day planning and annual reports.<\/div>"}},{"SurveyID":"SV_eswlDMEJuaf9nGS","Element":"SQ","PrimaryAttribute":"QID25","SecondaryAttribute":"Organisation: Describe how are the data science activities in relation to Collections as Data org...","TertiaryAttribute":null,"Payload":{"QuestionText":"Describe how are the data science activities organised<br>","DefaultChoices":false,"DataExportTag":"Q20","QuestionID":"QID25","QuestionType":"TE","Selector":"ML","DataVisibility":{"Private":false,"Hidden":false},"Configuration":{"QuestionDescriptionOption":"SpecifyLabel"},"QuestionDescription":"Organisation: Describe how are the data science activities in relation to Collections as Data org...","Validation":{"Settings":{"ForceResponse":"OFF","Type":"None"}},"GradingData":[],"Language":[],"NextChoiceId":4,"NextAnswerId":1,"SearchSource":{"AllowFreeResponse":"false"},"QuestionText_Unsafe":"Describe how are the data science activities organised<br>"}},{"SurveyID":"SV_eswlDMEJuaf9nGS","Element":"SQ","PrimaryAttribute":"QID34","SecondaryAttribute":"Organisation: Describe how are the data science activities in relation to Collections as Data org...","TertiaryAttribute":null,"Payload":{"QuestionText":"Describe how are the data science activities organised<br>","DefaultChoices":false,"DataExportTag":"Q30","QuestionID":"QID34","QuestionType":"TE","Selector":"ML","DataVisibility":{"Private":false,"Hidden":false},"Configuration":{"QuestionDescriptionOption":"SpecifyLabel"},"QuestionDescription":"Organisation: Describe how are the data science activities in relation to Collections as Data org...","Validation":{"Settings":{"ForceResponse":"OFF","Type":"None"}},"GradingData":[],"Language":[],"NextChoiceId":4,"NextAnswerId":1,"SearchSource":{"AllowFreeResponse":"false"},"QuestionText_Unsafe":"Describe how are the data science activities organised<br>"}},{"SurveyID":"SV_eswlDMEJuaf9nGS","Element":"SQ","PrimaryAttribute":"QID38","SecondaryAttribute":"Organisation: Describe how are the data science activities in relation to Collections as Data org...","TertiaryAttribute":null,"Payload":{"QuestionText":"Describe how are the data science activities organised<br>","DefaultChoices":false,"DataExportTag":"Q39","QuestionID":"QID38","QuestionType":"TE","Selector":"ML","DataVisibility":{"Private":false,"Hidden":false},"Configuration":{"QuestionDescriptionOption":"SpecifyLabel"},"QuestionDescription":"Organisation: Describe how are the data science activities in relation to Collections as Data org...","Validation":{"Settings":{"ForceResponse":"OFF","Type":"None"}},"GradingData":[],"Language":[],"NextChoiceId":4,"NextAnswerId":1,"SearchSource":{"AllowFreeResponse":"false"},"QuestionText_Unsafe":"Describe how are the data science activities organised<br>"}},{"SurveyID":"SV_eswlDMEJuaf9nGS","Element":"SQ","PrimaryAttribute":"QID52","SecondaryAttribute":"Privacy Statement & Consent \u00a0 We attach high priority to the ethical conduct of research. The LIB..","TertiaryAttribute":null,"Payload":{"QuestionText":"<h2>Privacy Statement &amp; Consent<\/h2>\n\n<p dir=\"ltr\">&nbsp;<\/p>\n\n<p dir=\"ltr\">We attach high priority to the ethical conduct of research. The <a href=\"https:\/\/libereurope.eu\/liber-europe-privacy-policy\/\">LIBER Europe Privacy Policy<\/a> applies to the data collected by the LIBER Data Science in Libraries Working Group.<br \/>\n<br \/>\nPlease consider the following before indicating your consent on this form. You will be indicating consent under the following assumptions:<\/p>\n\n<ul dir=\"ltr\">\n\t<li>I understand that my participation is entirely voluntary and that I can withdraw from completing the survey&nbsp;at any time, without penalty&nbsp;and without having to provide an explanation.<br \/>\n\t&nbsp;<\/li>\n\t<li>If I have already completed the&nbsp;survey and wish for my responses&nbsp;to be removed from the data, this&nbsp;can be done by contacting Neha Moopen (<a href=\"mailto:n.moopen@uu.nl\">n.moopen@uu.nl<\/a>) or Peter Kiraly (<a href=\"mailto:peter.kiraly@gwdg.de\">peter.kiraly@gwdg.de<\/a>).&nbsp;<br \/>\n\t&nbsp;<\/li>\n\t<li>I understand that the data&nbsp;resulting from this survey will be accessible to all members of the <a href=\"https:\/\/libereurope.eu\/working-group\/liber-data-science-in-libraries-working-group\/\">LIBER Data Science in Libraries Working Group<\/a>. The data will not be shared beyond the working group,&nbsp;nor will it be reused for purposes outside the survey topic.&nbsp;<br \/>\n\t&nbsp;<\/li>\n\t<li>I understand that my data&nbsp;will be stored until the publication of the landscape analysis, after which it (and any&nbsp;copies) will be destroyed.<br \/>\n\t&nbsp;<\/li>\n\t<li>I give permission for my responses to be pseudonymized and used for research and learning in line with the survey topic.&nbsp;<br \/>\n\t&nbsp;<\/li>\n\t<li>I understand that my responses could be paraphrased and quoted in publications, reports, web pages, and\/or other research outputs linked to this survey.<\/li>\n<\/ul>","DefaultChoices":false,"DataExportTag":"Q2","QuestionType":"MC","Selector":"SAVR","SubSelector":"TX","Configuration":{"QuestionDescriptionOption":"UseText"},"QuestionDescription":"Privacy Statement & Consent \u00a0 We attach high priority to the ethical conduct of research. The LIB...","Choices":{"1":{"Display":"Yes, I consent to participating in this survey."},"2":{"Display":"No, I do not wish to participate in this survey"}},"ChoiceOrder":["1","2"],"Validation":{"Settings":{"ForceResponse":"OFF","Type":"None"}},"GradingData":[],"Language":[],"NextChoiceId":4,"NextAnswerId":1,"QuestionID":"QID52"}},{"SurveyID":"SV_eswlDMEJuaf9nGS","Element":"SQ","PrimaryAttribute":"QID20","SecondaryAttribute":"Research Intelligence (Group #4 of 4) Describe how data science is used in your library in relati...","TertiaryAttribute":null,"Payload":{"QuestionText":"<h2>Research Intelligence (Group #4 of 4)<br><\/h2>\n\n<div><br>\n<strong>Describe how data science is used in your library in relation to Research Intelligence<br><\/strong><\/div>\n\n<div>&nbsp;<\/div>\n\n<div>Research intelligence (RI), like business intelligence, regards compiling and visualizing data for decisions and benchmarking within the research community. Given the scale of the data available, RI often requires the implementation of data pipelines and dashboard tools. Examples of data collected are metadata of publications and other research outputs, and data related to these outputs such as citations. An integral part of RI is also the continuous development of analysis workflows, for instance combining traditional citation metrics with alternative metrics such as policy citations.<\/div>","DefaultChoices":false,"DataExportTag":"Q36","QuestionType":"DB","Selector":"TB","DataVisibility":{"Private":false,"Hidden":false},"Configuration":{"QuestionDescriptionOption":"UseText"},"QuestionDescription":"Research Intelligence (Group #4 of 4) Describe how data science is used in your library in relati...","ChoiceOrder":[],"Validation":{"Settings":{"Type":"None"}},"GradingData":[],"Language":[],"NextChoiceId":4,"NextAnswerId":1,"QuestionID":"QID20","QuestionText_Unsafe":"<h2>Research Intelligence (Group #4 of 4)<br><\/h2>\n\n<div><br>\n<strong>Describe how data science is used in your library in relation to Research Intelligence<br><\/strong><\/div>\n\n<div>&nbsp;<\/div>\n\n<div>Research intelligence (RI), like business intelligence, regards compiling and visualizing data for decisions and benchmarking within the research community. Given the scale of the data available, RI often requires the implementation of data pipelines and dashboard tools. Examples of data collected are metadata of publications and other research outputs, and data related to these outputs such as citations. An integral part of RI is also the continuous development of analysis workflows, for instance combining traditional citation metrics with alternative metrics such as policy citations.<\/div>"}},{"SurveyID":"SV_eswlDMEJuaf9nGS","Element":"SQ","PrimaryAttribute":"QID19","SecondaryAttribute":"Research Support (Group #3 of 4) Describe how data science is used in your library in relation to...","TertiaryAttribute":null,"Payload":{"QuestionText":"<h2>Research Support (Group #3 of 4)<br><\/h2>\n\n<div><br>\n<strong>Describe how data science is used in your library in relation to Research Support<br><\/strong><\/div>\n\n<div>&nbsp;<\/div>By 'Research Support' we mean the use of data science to support researchers through the research lifecycle. In line with developments in open science and digital technologies\/skills, libraries are expanding services and tools for researchers to leverage their production and use of data and information. This covers areas such as research data management, digital humanities, and (digital) information skills. Examples in research data management include data management planning, research data\/software engineering, ensuring FAIRness (findability, accessibility, interoperability, reusability) of data, in addition to data curation and preservation. Examples in digital humanities include working with Linked Open Data and digital corpora. With respect to (digital) information skills, an example is the use of data science methods in (automated) systematic reviews of literature.\n<br>","DefaultChoices":false,"DataExportTag":"Q27","QuestionType":"DB","Selector":"TB","DataVisibility":{"Private":false,"Hidden":false},"Configuration":{"QuestionDescriptionOption":"UseText"},"QuestionDescription":"Research Support (Group #3 of 4) Describe how data science is used in your library in relation to...","ChoiceOrder":[],"Validation":{"Settings":{"Type":"None"}},"GradingData":[],"Language":[],"NextChoiceId":4,"NextAnswerId":1,"QuestionID":"QID19","QuestionText_Unsafe":"<h2>Research Support (Group #3 of 4)<br><\/h2>\n\n<div><br>\n<strong>Describe how data science is used in your library in relation to Research Support<br><\/strong><\/div>\n\n<div>&nbsp;<\/div>By 'Research Support' we mean the use of data science to support researchers through the research lifecycle. In line with developments in open science and digital technologies\/skills, libraries are expanding services and tools for researchers to leverage their production and use of data and information. This covers areas such as research data management, digital humanities, and (digital) information skills. Examples in research data management include data management planning, research data\/software engineering, ensuring FAIRness (findability, accessibility, interoperability, reusability) of data, in addition to data curation and preservation. Examples in digital humanities include working with Linked Open Data and digital corpora. With respect to (digital) information skills, an example is the use of data science methods in (automated) systematic reviews of literature.\n<br>"}},{"SurveyID":"SV_eswlDMEJuaf9nGS","Element":"SQ","PrimaryAttribute":"QID6","SecondaryAttribute":"Tell us who you are!","TertiaryAttribute":null,"Payload":{"QuestionText":"<h2><strong>Tell us who you are!<\/strong><\/h2>","DefaultChoices":false,"DataExportTag":"Q3","QuestionType":"DB","Selector":"TB","Configuration":{"QuestionDescriptionOption":"UseText"},"QuestionDescription":"Tell us who you are!","ChoiceOrder":[],"Validation":{"Settings":{"Type":"None"}},"GradingData":[],"Language":[],"NextChoiceId":4,"NextAnswerId":1,"QuestionID":"QID6","DataVisibility":{"Private":false,"Hidden":false},"QuestionText_Unsafe":"<h1><strong>What\u2019s with Data Science in Libraries?<\/strong><\/h1>\n\n<h2><br><\/h2><h2>LIBER Data Science in Libraries Working Group Survey 2022 # pilot<\/h2><div><br><\/div><div>\n&nbsp; <br><\/div><div><br><\/div><h2><strong>Tell us who you are!<\/strong><\/h2>"}},{"SurveyID":"SV_eswlDMEJuaf9nGS","Element":"SQ","PrimaryAttribute":"QID56","SecondaryAttribute":"What are the challenges faced by the library in carrying out data science activities?\u00a0 These can...","TertiaryAttribute":null,"Payload":{"QuestionText":"<strong>What are the challenges faced by the library in carrying out data science activities?&nbsp;<\/strong><br><br>These can be any barriers or difficulties in implementing data science activities.","DefaultChoices":false,"DataExportTag":"Q13","QuestionID":"QID56","QuestionType":"TE","Selector":"SL","Configuration":{"QuestionDescriptionOption":"UseText"},"QuestionDescription":"What are the challenges faced by the library in carrying out data science activities?\u00a0 These can...","Validation":{"Settings":{"ForceResponse":"OFF","Type":"None"}},"GradingData":[],"Language":[],"NextChoiceId":4,"NextAnswerId":1,"SearchSource":{"AllowFreeResponse":"false"}}},{"SurveyID":"SV_eswlDMEJuaf9nGS","Element":"SQ","PrimaryAttribute":"QID3","SecondaryAttribute":"What is your job title?","TertiaryAttribute":null,"Payload":{"QuestionText":"What is your job title?<br>","DefaultChoices":false,"DataExportTag":"Q4","QuestionType":"TE","Selector":"SL","Configuration":{"QuestionDescriptionOption":"UseText"},"QuestionDescription":"What is your job title?","Validation":{"Settings":{"ForceResponse":"OFF","ForceResponseType":"ON","Type":"None"}},"GradingData":[],"Language":[],"NextChoiceId":4,"NextAnswerId":1,"SearchSource":{"AllowFreeResponse":"false"},"QuestionID":"QID3","QuestionText_Unsafe":"Full name<br>","DataVisibility":{"Private":false,"Hidden":false}}},{"SurveyID":"SV_eswlDMEJuaf9nGS","Element":"SQ","PrimaryAttribute":"QID15","SecondaryAttribute":"What library data science activities are planned (if any) in the future?","TertiaryAttribute":null,"Payload":{"QuestionText":"<strong>What library data science activities are planned (if any) in the future?<\/strong>","DefaultChoices":false,"DataExportTag":"Q16","QuestionType":"TE","Selector":"ML","Configuration":{"QuestionDescriptionOption":"UseText"},"QuestionDescription":"What library data science activities are planned (if any) in the future?","Validation":{"Settings":{"ForceResponse":"OFF","Type":"None"}},"GradingData":[],"Language":[],"NextChoiceId":4,"NextAnswerId":1,"SearchSource":{"AllowFreeResponse":"false"},"QuestionID":"QID15","DataVisibility":{"Private":false,"Hidden":false},"QuestionText_Unsafe":"What library data science activities are planned in the future?<br>"}},{"SurveyID":"SV_eswlDMEJuaf9nGS","Element":"SQ","PrimaryAttribute":"QID28","SecondaryAttribute":"What library data science activities are planned in the future?","TertiaryAttribute":null,"Payload":{"QuestionText":"What library data science activities are planned in the future?<br>","DefaultChoices":false,"DataExportTag":"Q25","QuestionID":"QID28","QuestionType":"TE","Selector":"ML","DataVisibility":{"Private":false,"Hidden":false},"Configuration":{"QuestionDescriptionOption":"UseText"},"QuestionDescription":"What library data science activities are planned in the future?","Validation":{"Settings":{"ForceResponse":"OFF","Type":"None"}},"GradingData":[],"Language":[],"NextChoiceId":4,"NextAnswerId":1,"SearchSource":{"AllowFreeResponse":"false"},"QuestionText_Unsafe":"What library data science activities are planned in the future?<br>"}},{"SurveyID":"SV_eswlDMEJuaf9nGS","Element":"SQ","PrimaryAttribute":"QID29","SecondaryAttribute":"What library data science activities are planned in the future?","TertiaryAttribute":null,"Payload":{"QuestionText":"What library data science activities are planned in the future?<br>","DefaultChoices":false,"DataExportTag":"Q34","QuestionID":"QID29","QuestionType":"TE","Selector":"ML","DataVisibility":{"Private":false,"Hidden":false},"Configuration":{"QuestionDescriptionOption":"UseText"},"QuestionDescription":"What library data science activities are planned in the future?","Validation":{"Settings":{"ForceResponse":"OFF","Type":"None"}},"GradingData":[],"Language":[],"NextChoiceId":4,"NextAnswerId":1,"SearchSource":{"AllowFreeResponse":"false"},"QuestionText_Unsafe":"What library data science activities are planned in the future?<br>"}},{"SurveyID":"SV_eswlDMEJuaf9nGS","Element":"SQ","PrimaryAttribute":"QID37","SecondaryAttribute":"What library data science activities are planned in the future?","TertiaryAttribute":null,"Payload":{"QuestionText":"What library data science activities are planned in the future?<br>","DefaultChoices":false,"DataExportTag":"Q44","QuestionID":"QID37","QuestionType":"TE","Selector":"ML","DataVisibility":{"Private":false,"Hidden":false},"Configuration":{"QuestionDescriptionOption":"UseText"},"QuestionDescription":"What library data science activities are planned in the future?","Validation":{"Settings":{"ForceResponse":"OFF","Type":"None"}},"GradingData":[],"Language":[],"NextChoiceId":4,"NextAnswerId":1,"SearchSource":{"AllowFreeResponse":"false"},"QuestionText_Unsafe":"What library data science activities are planned in the future?<br>"}},{"SurveyID":"SV_eswlDMEJuaf9nGS","Element":"SQ","PrimaryAttribute":"QID9","SecondaryAttribute":"Which categories apply to your data science activities? (multiple options possible)","TertiaryAttribute":null,"Payload":{"QuestionText":"<h2>Which categories apply to your data science activities? (multiple options possible)<\/h2>","DefaultChoices":false,"DataExportTag":"Q7","QuestionID":"QID9","QuestionType":"MC","Selector":"MAVR","SubSelector":"TX","DataVisibility":{"Private":false,"Hidden":false},"Configuration":{"QuestionDescriptionOption":"UseText"},"QuestionDescription":"Which categories apply to your data science activities? (multiple options possible)","Choices":{"4":{"Display":"<strong>Collections as Data<\/strong><br \/>\n<br \/>\n<span style=\"font-size:13px;\"><span style=\"unicode-bidi:embed\"><span style=\"word-break:normal\"><span style=\"font-family:&quot;Open Sans Light&quot;\"><span style=\"color:#333333\">D<span style=\"font-style:normal\">ata science activities that facilitate the use of library collections in computationally-driven research and teaching. This can <\/span>include<\/span><\/span> <span style=\"font-family:&quot;Open Sans Light&quot;\"><span style=\"color:#333333\"><span style=\"font-style:normal\">activities that ensure that data from library collections are high-quality, rich with information, reliable, suitable for analysis, and easily accessible for computational interactions<\/span><span style=\"font-weight:normal\"><span style=\"font-style:normal\">.<\/span><\/span><\/span><\/span><\/span><\/span><br \/>\n<br \/>\n<span style=\"unicode-bidi:embed\"><span style=\"word-break:normal\"><span style=\"font-family:&quot;Open Sans Light&quot;\"><span style=\"color:#333333\"><span style=\"font-weight:normal\"><span style=\"font-style:normal\">Examples: data pipelines that are created to enhance the quality of data, machine learning and computer vision techniques used to: generate data, discover resources, identify and extract rich metadata and\/or full-text from documents.<\/span><\/span><\/span><\/span><\/span><\/span><\/span><br \/>\n&nbsp;"},"5":{"Display":"<strong>Library Intelligence<\/strong><br \/>\n<br \/>\n<span style=\"font-size:13px;\"><span style=\"unicode-bidi:embed\"><span style=\"word-break:normal\"><span style=\"font-family:&quot;Open Sans Light&quot;\"><span style=\"color:#333333\"><span style=\"font-weight:normal\"><span style=\"font-style:normal\">Data science activities geared towards the improvement of traditional library services and support for decision-making by library management. <\/span><\/span><\/span><\/span><\/span><\/span><br \/>\n<br \/>\n<span style=\"unicode-bidi:embed\"><span style=\"word-break:normal\"><span style=\"font-family:&quot;Open Sans Light&quot;\"><span style=\"color:#333333\"><span style=\"font-weight:normal\"><span style=\"font-style:normal\">Examples are data-driven item suggestions for library patrons, the application of machine learning techniques in the management of library material flows, the use of library loan data analytics in collection management, and automated library analytics for day-to-day planning and annual reports.<\/span><\/span><\/span><\/span><\/span><\/span><\/span><br \/>\n&nbsp;"},"6":{"Display":"<strong>Research Support<\/strong><br \/>\n<br \/>\n<span style=\"font-size:13px;\"><span style=\"unicode-bidi:embed\"><span style=\"word-break:normal\"><span style=\"font-family:&quot;Open Sans Light&quot;\"><span style=\"color:#333333\">D<span style=\"font-weight:normal\"><span style=\"font-style:normal\">ata science activities to support researchers through the research lifecycle. This can cover areas such as research data management, research data\/software engineering, digital humanities, and (digital) information skills. <\/span><\/span><\/span><\/span><\/span><\/span><br \/>\n<br \/>\n<span style=\"unicode-bidi:embed\"><span style=\"word-break:normal\"><span style=\"font-family:&quot;Open Sans Light&quot;\"><span style=\"color:#333333\"><span style=\"font-weight:normal\"><span style=\"font-style:normal\">Examples include data management planning, research data\/software engineering, ensuring FAIRness (findability, accessibility, interoperability, reusability) of data, data curation and preservation, working with Linked Open Data and digital corpora, the use of data science methods in (automated) systematic searches and reviews of literature.<\/span><\/span><\/span><\/span><\/span><\/span><\/span><br \/>\n&nbsp;"},"7":{"Display":"<strong>Research Intelligence<\/strong><br \/>\n<br \/>\n<span style=\"font-size:13px;\"><span style=\"unicode-bidi:embed\"><span style=\"word-break:normal\"><span style=\"font-family:&quot;Open Sans Light&quot;\"><span style=\"color:#333333\"><span style=\"font-weight:normal\"><span style=\"font-style:normal\">Data science activities in compiling and visualizing data for decisions and benchmarking within the scientific community. Given the scale of the data available, Research Intelligence often requires the implementation of data pipelines and dashboard tools. <\/span><\/span><\/span><\/span><\/span><\/span><br \/>\n<br \/>\n<span style=\"unicode-bidi:embed\"><span style=\"word-break:normal\"><span style=\"font-family:&quot;Open Sans Light&quot;\"><span style=\"color:#333333\"><span style=\"font-weight:normal\"><span style=\"font-style:normal\">Examples of data collected are metadata of publications and other research outputs, and data related to these outputs such as citations. An integral part of RI is also the continuous development of analysis workflows, for instance combining traditional citation metrics with alternative metrics such as policy citations.<\/span><\/span><\/span><\/span><\/span><\/span><\/span><br \/>\n&nbsp;"},"8":{"Display":"<strong>Other<\/strong><br \/>\n<br \/>"}},"ChoiceOrder":["4","5","6","7","8"],"Validation":{"Settings":{"ForceResponse":"OFF","Type":"None"}},"GradingData":[],"Language":[],"NextChoiceId":9,"NextAnswerId":1}},{"SurveyID":"SV_eswlDMEJuaf9nGS","Element":"SQ","PrimaryAttribute":"QID51","SecondaryAttribute":"Which department(s), team(s), or similar entities carry out data science activities in your library?","TertiaryAttribute":null,"Payload":{"QuestionText":"<strong>Which department(s), team(s), or similar entities carry out data science activities in your library?<\/strong>","DefaultChoices":false,"DataExportTag":"Q10","QuestionID":"QID51","QuestionType":"TE","Selector":"SL","Configuration":{"QuestionDescriptionOption":"UseText"},"QuestionDescription":"Which department(s), team(s), or similar entities carry out data science activities in your library?","Validation":{"Settings":{"ForceResponse":"OFF","Type":"None"}},"GradingData":[],"Language":[],"NextChoiceId":4,"NextAnswerId":1,"SearchSource":{"AllowFreeResponse":"false"},"DataVisibility":{"Private":false,"Hidden":false}}},{"SurveyID":"SV_eswlDMEJuaf9nGS","Element":"SQ","PrimaryAttribute":"QID4","SecondaryAttribute":"Which library are you affiliated with?","TertiaryAttribute":null,"Payload":{"QuestionText":"Which library are you affiliated with?<br>","DefaultChoices":false,"DataExportTag":"Q5","QuestionType":"TE","Selector":"SL","Configuration":{"QuestionDescriptionOption":"UseText"},"QuestionDescription":"Which library are you affiliated with?","Validation":{"Settings":{"ForceResponse":"OFF","Type":"None"}},"GradingData":[],"Language":[],"NextChoiceId":4,"NextAnswerId":1,"SearchSource":{"AllowFreeResponse":"false"},"QuestionID":"QID4","QuestionText_Unsafe":"Organisation<br>","DataVisibility":{"Private":false,"Hidden":false}}},{"SurveyID":"SV_eswlDMEJuaf9nGS","Element":"SQ","PrimaryAttribute":"QID13","SecondaryAttribute":"Who does the library collaborate with, internally or externally to the institution, in carrying o...","TertiaryAttribute":null,"Payload":{"QuestionText":"<strong>Who does the library collaborate with, internally or externally to the institution, in carrying out data science activities?<\/strong>","DefaultChoices":false,"DataExportTag":"Q12","QuestionType":"TE","Selector":"ML","Configuration":{"QuestionDescriptionOption":"UseText"},"QuestionDescription":"Who does the library collaborate with, internally or externally to the institution, in carrying o...","Validation":{"Settings":{"ForceResponse":"OFF","Type":"None"}},"GradingData":[],"Language":[],"NextChoiceId":4,"NextAnswerId":1,"SearchSource":{"AllowFreeResponse":"false"},"QuestionID":"QID13","DataVisibility":{"Private":false,"Hidden":false},"QuestionText_Unsafe":"With whom does the library collaborate in relation to data science activities?<br>"}},{"SurveyID":"SV_eswlDMEJuaf9nGS","Element":"SQ","PrimaryAttribute":"QID26","SecondaryAttribute":"With whom does the library collaborate in relation to data science activities?","TertiaryAttribute":null,"Payload":{"QuestionText":"With whom does the library collaborate in relation to data science activities?<br>","DefaultChoices":false,"DataExportTag":"Q23","QuestionID":"QID26","QuestionType":"TE","Selector":"ML","DataVisibility":{"Private":false,"Hidden":false},"Configuration":{"QuestionDescriptionOption":"UseText"},"QuestionDescription":"With whom does the library collaborate in relation to data science activities?","Validation":{"Settings":{"ForceResponse":"OFF","Type":"None"}},"GradingData":[],"Language":[],"NextChoiceId":4,"NextAnswerId":1,"SearchSource":{"AllowFreeResponse":"false"},"QuestionText_Unsafe":"With whom does the library collaborate in relation to data science activities?<br>"}},{"SurveyID":"SV_eswlDMEJuaf9nGS","Element":"SQ","PrimaryAttribute":"QID32","SecondaryAttribute":"With whom does the library collaborate in relation to data science activities?","TertiaryAttribute":null,"Payload":{"QuestionText":"With whom does the library collaborate in relation to data science activities?<br>","DefaultChoices":false,"DataExportTag":"Q32","QuestionID":"QID32","QuestionType":"TE","Selector":"ML","DataVisibility":{"Private":false,"Hidden":false},"Configuration":{"QuestionDescriptionOption":"UseText"},"QuestionDescription":"With whom does the library collaborate in relation to data science activities?","Validation":{"Settings":{"ForceResponse":"OFF","Type":"None"}},"GradingData":[],"Language":[],"NextChoiceId":4,"NextAnswerId":1,"SearchSource":{"AllowFreeResponse":"false"},"QuestionText_Unsafe":"With whom does the library collaborate in relation to data science activities?<br>"}},{"SurveyID":"SV_eswlDMEJuaf9nGS","Element":"SQ","PrimaryAttribute":"QID36","SecondaryAttribute":"With whom does the library collaborate in relation to data science activities?","TertiaryAttribute":null,"Payload":{"QuestionText":"With whom does the library collaborate in relation to data science activities?<br>","DefaultChoices":false,"DataExportTag":"Q42","QuestionID":"QID36","QuestionType":"TE","Selector":"ML","DataVisibility":{"Private":false,"Hidden":false},"Configuration":{"QuestionDescriptionOption":"UseText"},"QuestionDescription":"With whom does the library collaborate in relation to data science activities?","Validation":{"Settings":{"ForceResponse":"OFF","Type":"None"}},"GradingData":[],"Language":[],"NextChoiceId":4,"NextAnswerId":1,"SearchSource":{"AllowFreeResponse":"false"},"QuestionText_Unsafe":"With whom does the library collaborate in relation to data science activities?<br>"}}]}